// !$*UTF8*$!
{
	archiveVersion = 1;
	classes = {
	};
	objectVersion = 46;
	objects = {

/* Begin PBXBuildFile section */
		288E5721D00CA5B42F1C83F8 /* libPods-GeoLayer.a in Frameworks */ = {isa = PBXBuildFile; fileRef = FAE5145DD229B80054DF450F /* libPods-GeoLayer.a */; };
		DCCC7DEE1BC3865D000BD540 /* main.m in Sources */ = {isa = PBXBuildFile; fileRef = DCCC7DED1BC3865D000BD540 /* main.m */; };
		DCCC7DF11BC3865D000BD540 /* AppDelegate.m in Sources */ = {isa = PBXBuildFile; fileRef = DCCC7DF01BC3865D000BD540 /* AppDelegate.m */; };
		DCCC7DF41BC3865D000BD540 /* ViewController.m in Sources */ = {isa = PBXBuildFile; fileRef = DCCC7DF31BC3865D000BD540 /* ViewController.m */; };
		DCCC7DF71BC3865D000BD540 /* Main.storyboard in Resources */ = {isa = PBXBuildFile; fileRef = DCCC7DF51BC3865D000BD540 /* Main.storyboard */; };
		DCCC7DFA1BC3865D000BD540 /* GeoLayer.xcdatamodeld in Sources */ = {isa = PBXBuildFile; fileRef = DCCC7DF81BC3865D000BD540 /* GeoLayer.xcdatamodeld */; };
		DCCC7DFC1BC3865D000BD540 /* Assets.xcassets in Resources */ = {isa = PBXBuildFile; fileRef = DCCC7DFB1BC3865D000BD540 /* Assets.xcassets */; };
		DCCC7DFF1BC3865D000BD540 /* LaunchScreen.storyboard in Resources */ = {isa = PBXBuildFile; fileRef = DCCC7DFD1BC3865D000BD540 /* LaunchScreen.storyboard */; };
		DCCC7E081BC3868F000BD540 /* Test.m in Sources */ = {isa = PBXBuildFile; fileRef = DCCC7E071BC3868F000BD540 /* Test.m */; settings = {ASSET_TAGS = (); }; };
		DCCC7E111BC38C2D000BD540 /* Venue.m in Sources */ = {isa = PBXBuildFile; fileRef = DCCC7E101BC38C2D000BD540 /* Venue.m */; settings = {ASSET_TAGS = (); }; };
/* End PBXBuildFile section */

/* Begin PBXFileReference section */
		47EA2F545A1D5342D99067C0 /* Pods-GeoLayer.release.xcconfig */ = {isa = PBXFileReference; includeInIndex = 1; lastKnownFileType = text.xcconfig; name = "Pods-GeoLayer.release.xcconfig"; path = "Pods/Target Support Files/Pods-GeoLayer/Pods-GeoLayer.release.xcconfig"; sourceTree = "<group>"; };
		C89498C8EC2003AEB1A1B705 /* Pods-GeoLayer.debug.xcconfig */ = {isa = PBXFileReference; includeInIndex = 1; lastKnownFileType = text.xcconfig; name = "Pods-GeoLayer.debug.xcconfig"; path = "Pods/Target Support Files/Pods-GeoLayer/Pods-GeoLayer.debug.xcconfig"; sourceTree = "<group>"; };
		DCCC7DE91BC3865D000BD540 /* GeoLayer.app */ = {isa = PBXFileReference; explicitFileType = wrapper.application; includeInIndex = 0; path = GeoLayer.app; sourceTree = BUILT_PRODUCTS_DIR; };
		DCCC7DED1BC3865D000BD540 /* main.m */ = {isa = PBXFileReference; lastKnownFileType = sourcecode.c.objc; path = main.m; sourceTree = "<group>"; };
		DCCC7DEF1BC3865D000BD540 /* AppDelegate.h */ = {isa = PBXFileReference; lastKnownFileType = sourcecode.c.h; path = AppDelegate.h; sourceTree = "<group>"; };
		DCCC7DF01BC3865D000BD540 /* AppDelegate.m */ = {isa = PBXFileReference; lastKnownFileType = sourcecode.c.objc; path = AppDelegate.m; sourceTree = "<group>"; };
		DCCC7DF21BC3865D000BD540 /* ViewController.h */ = {isa = PBXFileReference; lastKnownFileType = sourcecode.c.h; path = ViewController.h; sourceTree = "<group>"; };
		DCCC7DF31BC3865D000BD540 /* ViewController.m */ = {isa = PBXFileReference; lastKnownFileType = sourcecode.c.objc; path = ViewController.m; sourceTree = "<group>"; };
		DCCC7DF61BC3865D000BD540 /* Base */ = {isa = PBXFileReference; lastKnownFileType = file.storyboard; name = Base; path = Base.lproj/Main.storyboard; sourceTree = "<group>"; };
		DCCC7DF91BC3865D000BD540 /* GeoLayer.xcdatamodel */ = {isa = PBXFileReference; lastKnownFileType = wrapper.xcdatamodel; path = GeoLayer.xcdatamodel; sourceTree = "<group>"; };
		DCCC7DFB1BC3865D000BD540 /* Assets.xcassets */ = {isa = PBXFileReference; lastKnownFileType = folder.assetcatalog; path = Assets.xcassets; sourceTree = "<group>"; };
		DCCC7DFE1BC3865D000BD540 /* Base */ = {isa = PBXFileReference; lastKnownFileType = file.storyboard; name = Base; path = Base.lproj/LaunchScreen.storyboard; sourceTree = "<group>"; };
		DCCC7E001BC3865D000BD540 /* Info.plist */ = {isa = PBXFileReference; lastKnownFileType = text.plist.xml; path = Info.plist; sourceTree = "<group>"; };
		DCCC7E061BC3868F000BD540 /* Test.h */ = {isa = PBXFileReference; fileEncoding = 4; lastKnownFileType = sourcecode.c.h; path = Test.h; sourceTree = "<group>"; };
		DCCC7E071BC3868F000BD540 /* Test.m */ = {isa = PBXFileReference; fileEncoding = 4; lastKnownFileType = sourcecode.c.objc; path = Test.m; sourceTree = "<group>"; };
		DCCC7E0F1BC38C2D000BD540 /* Venue.h */ = {isa = PBXFileReference; fileEncoding = 4; lastKnownFileType = sourcecode.c.h; name = Venue.h; path = ../Venue.h; sourceTree = "<group>"; };
		DCCC7E101BC38C2D000BD540 /* Venue.m */ = {isa = PBXFileReference; fileEncoding = 4; lastKnownFileType = sourcecode.c.objc; name = Venue.m; path = ../Venue.m; sourceTree = "<group>"; };
		FAE5145DD229B80054DF450F /* libPods-GeoLayer.a */ = {isa = PBXFileReference; explicitFileType = archive.ar; includeInIndex = 0; path = "libPods-GeoLayer.a"; sourceTree = BUILT_PRODUCTS_DIR; };
/* End PBXFileReference section */

/* Begin PBXFrameworksBuildPhase section */
		DCCC7DE61BC3865D000BD540 /* Frameworks */ = {
			isa = PBXFrameworksBuildPhase;
			buildActionMask = 2147483647;
			files = (
				288E5721D00CA5B42F1C83F8 /* libPods-GeoLayer.a in Frameworks */,
			);
			runOnlyForDeploymentPostprocessing = 0;
		};
/* End PBXFrameworksBuildPhase section */

/* Begin PBXGroup section */
		9C196CFE1F31F9488598F906 /* Pods */ = {
			isa = PBXGroup;
			children = (
				C89498C8EC2003AEB1A1B705 /* Pods-GeoLayer.debug.xcconfig */,
				47EA2F545A1D5342D99067C0 /* Pods-GeoLayer.release.xcconfig */,
			);
			name = Pods;
			sourceTree = "<group>";
		};
		A6299E41BF19AE7A5D1A5128 /* Frameworks */ = {
			isa = PBXGroup;
			children = (
				FAE5145DD229B80054DF450F /* libPods-GeoLayer.a */,
			);
			name = Frameworks;
			sourceTree = "<group>";
		};
		DCCC7DE01BC3865D000BD540 = {
			isa = PBXGroup;
			children = (
				DCCC7DEB1BC3865D000BD540 /* GeoLayer */,
				DCCC7DEA1BC3865D000BD540 /* Products */,
				9C196CFE1F31F9488598F906 /* Pods */,
				A6299E41BF19AE7A5D1A5128 /* Frameworks */,
			);
			sourceTree = "<group>";
		};
		DCCC7DEA1BC3865D000BD540 /* Products */ = {
			isa = PBXGroup;
			children = (
				DCCC7DE91BC3865D000BD540 /* GeoLayer.app */,
			);
			name = Products;
			sourceTree = "<group>";
		};
		DCCC7DEB1BC3865D000BD540 /* GeoLayer */ = {
			isa = PBXGroup;
			children = (
				DCCC7E0F1BC38C2D000BD540 /* Venue.h */,
				DCCC7E101BC38C2D000BD540 /* Venue.m */,
				DCCC7DEF1BC3865D000BD540 /* AppDelegate.h */,
				DCCC7DF01BC3865D000BD540 /* AppDelegate.m */,
				DCCC7E061BC3868F000BD540 /* Test.h */,
				DCCC7E071BC3868F000BD540 /* Test.m */,
				DCCC7DF21BC3865D000BD540 /* ViewController.h */,
				DCCC7DF31BC3865D000BD540 /* ViewController.m */,
				DCCC7DF51BC3865D000BD540 /* Main.storyboard */,
				DCCC7DFB1BC3865D000BD540 /* Assets.xcassets */,
				DCCC7DFD1BC3865D000BD540 /* LaunchScreen.storyboard */,
				DCCC7E001BC3865D000BD540 /* Info.plist */,
				DCCC7DF81BC3865D000BD540 /* GeoLayer.xcdatamodeld */,
				DCCC7DEC1BC3865D000BD540 /* Supporting Files */,
			);
			path = GeoLayer;
			sourceTree = "<group>";
		};
		DCCC7DEC1BC3865D000BD540 /* Supporting Files */ = {
			isa = PBXGroup;
			children = (
				DCCC7DED1BC3865D000BD540 /* main.m */,
			);
			name = "Supporting Files";
			sourceTree = "<group>";
		};
/* End PBXGroup section */

/* Begin PBXNativeTarget section */
		DCCC7DE81BC3865D000BD540 /* GeoLayer */ = {
			isa = PBXNativeTarget;
			buildConfigurationList = DCCC7E031BC3865D000BD540 /* Build configuration list for PBXNativeTarget "GeoLayer" */;
			buildPhases = (
				273B2CDFE256A6588E757646 /* Check Pods Manifest.lock */,
				DCCC7DE51BC3865D000BD540 /* Sources */,
				DCCC7DE61BC3865D000BD540 /* Frameworks */,
				DCCC7DE71BC3865D000BD540 /* Resources */,
				3732882E3A431375F5E6488F /* Copy Pods Resources */,
			);
			buildRules = (
			);
			dependencies = (
			);
			name = GeoLayer;
			productName = GeoLayer;
			productReference = DCCC7DE91BC3865D000BD540 /* GeoLayer.app */;
			productType = "com.apple.product-type.application";
		};
/* End PBXNativeTarget section */

/* Begin PBXProject section */
		DCCC7DE11BC3865D000BD540 /* Project object */ = {
			isa = PBXProject;
			attributes = {
				LastUpgradeCheck = 0700;
				ORGANIZATIONNAME = "Arunabh Das";
				TargetAttributes = {
					DCCC7DE81BC3865D000BD540 = {
						CreatedOnToolsVersion = 7.0;
					};
				};
			};
			buildConfigurationList = DCCC7DE41BC3865D000BD540 /* Build configuration list for PBXProject "GeoLayer" */;
			compatibilityVersion = "Xcode 3.2";
			developmentRegion = English;
			hasScannedForEncodings = 0;
			knownRegions = (
				en,
				Base,
			);
			mainGroup = DCCC7DE01BC3865D000BD540;
			productRefGroup = DCCC7DEA1BC3865D000BD540 /* Products */;
			projectDirPath = "";
			projectRoot = "";
			targets = (
				DCCC7DE81BC3865D000BD540 /* GeoLayer */,
			);
		};
/* End PBXProject section */

/* Begin PBXResourcesBuildPhase section */
		DCCC7DE71BC3865D000BD540 /* Resources */ = {
			isa = PBXResourcesBuildPhase;
			buildActionMask = 2147483647;
			files = (
				DCCC7DFF1BC3865D000BD540 /* LaunchScreen.storyboard in Resources */,
				DCCC7DFC1BC3865D000BD540 /* Assets.xcassets in Resources */,
				DCCC7DF71BC3865D000BD540 /* Main.storyboard in Resources */,
			);
			runOnlyForDeploymentPostprocessing = 0;
		};
/* End PBXResourcesBuildPhase section */

/* Begin PBXShellScriptBuildPhase section */
		273B2CDFE256A6588E757646 /* Check Pods Manifest.lock */ = {
			isa = PBXShellScriptBuildPhase;
			buildActionMask = 2147483647;
			files = (
			);
			inputPaths = (
			);
			name = "Check Pods Manifest.lock";
			outputPaths = (
			);
			runOnlyForDeploymentPostprocessing = 0;
			shellPath = /bin/sh;
			shellScript = "diff \"${PODS_ROOT}/../Podfile.lock\" \"${PODS_ROOT}/Manifest.lock\" > /dev/null\nif [[ $? != 0 ]] ; then\n    cat << EOM\nerror: The sandbox is not in sync with the Podfile.lock. Run 'pod install' or update your CocoaPods installation.\nEOM\n    exit 1\nfi\n";
			showEnvVarsInLog = 0;
		};
		3732882E3A431375F5E6488F /* Copy Pods Resources */ = {
			isa = PBXShellScriptBuildPhase;
			buildActionMask = 2147483647;
			files = (
			);
			inputPaths = (
			);
			name = "Copy Pods Resources";
			outputPaths = (
			);
			runOnlyForDeploymentPostprocessing = 0;
			shellPath = /bin/sh;
			shellScript = "\"${SRCROOT}/Pods/Target Support Files/Pods-GeoLayer/Pods-GeoLayer-resources.sh\"\n";
			showEnvVarsInLog = 0;
		};
/* End PBXShellScriptBuildPhase section */

/* Begin PBXSourcesBuildPhase section */
		DCCC7DE51BC3865D000BD540 /* Sources */ = {
			isa = PBXSourcesBuildPhase;
			buildActionMask = 2147483647;
			files = (
				DCCC7E081BC3868F000BD540 /* Test.m in Sources */,
				DCCC7DF41BC3865D000BD540 /* ViewController.m in Sources */,
				DCCC7DFA1BC3865D000BD540 /* GeoLayer.xcdatamodeld in Sources */,
				DCCC7E111BC38C2D000BD540 /* Venue.m in Sources */,
				DCCC7DF11BC3865D000BD540 /* AppDelegate.m in Sources */,
				DCCC7DEE1BC3865D000BD540 /* main.m in Sources */,
			);
			runOnlyForDeploymentPostprocessing = 0;
		};
/* End PBXSourcesBuildPhase section */

/* Begin PBXVariantGroup section */
		DCCC7DF51BC3865D000BD540 /* Main.storyboard */ = {
			isa = PBXVariantGroup;
			children = (
				DCCC7DF61BC3865D000BD540 /* Base */,
			);
			name = Main.storyboard;
			sourceTree = "<group>";
		};
		DCCC7DFD1BC3865D000BD540 /* LaunchScreen.storyboard */ = {
			isa = PBXVariantGroup;
			children = (
				DCCC7DFE1BC3865D000BD540 /* Base */,
			);
			name = LaunchScreen.storyboard;
			sourceTree = "<group>";
		};
/* End PBXVariantGroup section */

/* Begin XCBuildConfiguration section */
		DCCC7E011BC3865D000BD540 /* Debug */ = {
			isa = XCBuildConfiguration;
			buildSettings = {
				ALWAYS_SEARCH_USER_PATHS = NO;
				CLANG_CXX_LANGUAGE_STANDARD = "gnu++0x";
				CLANG_CXX_LIBRARY = "libc++";
				CLANG_ENABLE_MODULES = YES;
				CLANG_ENABLE_OBJC_ARC = YES;
				CLANG_WARN_BOOL_CONVERSION = YES;
				CLANG_WARN_CONSTANT_CONVERSION = YES;
				CLANG_WARN_DIRECT_OBJC_ISA_USAGE = YES_ERROR;
				CLANG_WARN_EMPTY_BODY = YES;
				CLANG_WARN_ENUM_CONVERSION = YES;
				CLANG_WARN_INT_CONVERSION = YES;
				CLANG_WARN_OBJC_ROOT_CLASS = YES_ERROR;
				CLANG_WARN_UNREACHABLE_CODE = YES;
				CLANG_WARN__DUPLICATE_METHOD_MATCH = YES;
				"CODE_SIGN_IDENTITY[sdk=iphoneos*]" = "iPhone Developer";
				COPY_PHASE_STRIP = NO;
				DEBUG_INFORMATION_FORMAT = dwarf;
				ENABLE_STRICT_OBJC_MSGSEND = YES;
				ENABLE_TESTABILITY = YES;
				GCC_C_LANGUAGE_STANDARD = gnu99;
				GCC_DYNAMIC_NO_PIC = NO;
				GCC_NO_COMMON_BLOCKS = YES;
				GCC_OPTIMIZATION_LEVEL = 0;
				GCC_PREPROCESSOR_DEFINITIONS = (
					"DEBUG=1",
					"$(inherited)",
				);
				GCC_WARN_64_TO_32_BIT_CONVERSION = YES;
				GCC_WARN_ABOUT_RETURN_TYPE = YES_ERROR;
				GCC_WARN_UNDECLARED_SELECTOR = YES;
				GCC_WARN_UNINITIALIZED_AUTOS = YES_AGGRESSIVE;
				GCC_WARN_UNUSED_FUNCTION = YES;
				GCC_WARN_UNUSED_VARIABLE = YES;
				IPHONEOS_DEPLOYMENT_TARGET = 9.0;
				MTL_ENABLE_DEBUG_INFO = YES;
				ONLY_ACTIVE_ARCH = YES;
				SDKROOT = iphoneos;
				TARGETED_DEVICE_FAMILY = "1,2";
			};
			name = Debug;
		};
		DCCC7E021BC3865D000BD540 /* Release */ = {
			isa = XCBuildConfiguration;
			buildSettings = {
				ALWAYS_SEARCH_USER_PATHS = NO;
				CLANG_CXX_LANGUAGE_STANDARD = "gnu++0x";
				CLANG_CXX_LIBRARY = "libc++";
				CLANG_ENABLE_MODULES = YES;
				CLANG_ENABLE_OBJC_ARC = YES;
				CLANG_WARN_BOOL_CONVERSION = YES;
				CLANG_WARN_CONSTANT_CONVERSION = YES;
				CLANG_WARN_DIRECT_OBJC_ISA_USAGE = YES_ERROR;
				CLANG_WARN_EMPTY_BODY = YES;
				CLANG_WARN_ENUM_CONVERSION = YES;
				CLANG_WARN_INT_CONVERSION = YES;
				CLANG_WARN_OBJC_ROOT_CLASS = YES_ERROR;
				CLANG_WARN_UNREACHABLE_CODE = YES;
				CLANG_WARN__DUPLICATE_METHOD_MATCH = YES;
				"CODE_SIGN_IDENTITY[sdk=iphoneos*]" = "iPhone Developer";
				COPY_PHASE_STRIP = NO;
				DEBUG_INFORMATION_FORMAT = "dwarf-with-dsym";
				ENABLE_NS_ASSERTIONS = NO;
				ENABLE_STRICT_OBJC_MSGSEND = YES;
				GCC_C_LANGUAGE_STANDARD = gnu99;
				GCC_NO_COMMON_BLOCKS = YES;
				GCC_WARN_64_TO_32_BIT_CONVERSION = YES;
				GCC_WARN_ABOUT_RETURN_TYPE = YES_ERROR;
				GCC_WARN_UNDECLARED_SELECTOR = YES;
				GCC_WARN_UNINITIALIZED_AUTOS = YES_AGGRESSIVE;
				GCC_WARN_UNUSED_FUNCTION = YES;
				GCC_WARN_UNUSED_VARIABLE = YES;
				IPHONEOS_DEPLOYMENT_TARGET = 9.0;
				MTL_ENABLE_DEBUG_INFO = NO;
				SDKROOT = iphoneos;
				TARGETED_DEVICE_FAMILY = "1,2";
				VALIDATE_PRODUCT = YES;
			};
			name = Release;
		};
		DCCC7E041BC3865D000BD540 /* Debug */ = {
			isa = XCBuildConfiguration;
			baseConfigurationReference = C89498C8EC2003AEB1A1B705 /* Pods-GeoLayer.debug.xcconfig */;
			buildSettings = {
				ASSETCATALOG_COMPILER_APPICON_NAME = AppIcon;
				INFOPLIST_FILE = GeoLayer/Info.plist;
				LD_RUNPATH_SEARCH_PATHS = "$(inherited) @executable_path/Frameworks";
				PRODUCT_BUNDLE_IDENTIFIER = com.arunabhdas.mobile.GeoLayer;
				PRODUCT_NAME = "$(TARGET_NAME)";
			};
			name = Debug;
		};
		DCCC7E051BC3865D000BD540 /* Release */ = {
			isa = XCBuildConfiguration;
			baseConfigurationReference = 47EA2F545A1D5342D99067C0 /* Pods-GeoLayer.release.xcconfig */;
			buildSettings = {
				ASSETCATALOG_COMPILER_APPICON_NAME = AppIcon;
				INFOPLIST_FILE = GeoLayer/Info.plist;
				LD_RUNPATH_SEARCH_PATHS = "$(inherited) @executable_path/Frameworks";
				PRODUCT_BUNDLE_IDENTIFIER = com.arunabhdas.mobile.GeoLayer;
				PRODUCT_NAME = "$(TARGET_NAME)";
			};
			name = Release;
		};
/* End XCBuildConfiguration section */

/* Begin XCConfigurationList section */
		DCCC7DE41BC3865D000BD540 /* Build configuration list for PBXProject "GeoLayer" */ = {
			isa = XCConfigurationList;
			buildConfigurations = (
				DCCC7E011BC3865D000BD540 /* Debug */,
				DCCC7E021BC3865D000BD540 /* Release */,
			);
			defaultConfigurationIsVisible = 0;
			defaultConfigurationName = Release;
		};
		DCCC7E031BC3865D000BD540 /* Build configuration list for PBXNativeTarget "GeoLayer" */ = {
			isa = XCConfigurationList;
			buildConfigurations = (
				DCCC7E041BC3865D000BD540 /* Debug */,
				DCCC7E051BC3865D000BD540 /* Release */,
			);
			defaultConfigurationIsVisible = 0;
			defaultConfigurationName = Release;
		};
/* End XCConfigurationList section */

/* Begin XCVersionGroup section */
		DCCC7DF81BC3865D000BD540 /* GeoLayer.xcdatamodeld */ = {
			isa = XCVersionGroup;
			children = (
				DCCC7DF91BC3865D000BD540 /* GeoLayer.xcdatamodel */,
			);
			currentVersion = DCCC7DF91BC3865D000BD540 /* GeoLayer.xcdatamodel */;
			path = GeoLayer.xcdatamodeld;
			sourceTree = "<group>";
			versionGroupType = wrapper.xcdatamodel;
		};
/* End XCVersionGroup section */
	};
	rootObject = DCCC7DE11BC3865D000BD540 /* Project object */;
}
